{
  "name": "tslint-wix-react",
  "version": "1.0.0",
  "lockfileVersion": 1,
  "dependencies": {
    "tslint-microsoft-contrib": {
      "version": "5.0.1",
      "resolved": "https://registry.npmjs.org/tslint-microsoft-contrib/-/tslint-microsoft-contrib-5.0.1.tgz",
      "integrity": "sha1-Mo7pwo0HzfeTKTIEyW4v+rkiGZQ=",
      "dependencies": {
        "tsutils": {
          "version": "1.9.1",
          "resolved": "https://registry.npmjs.org/tsutils/-/tsutils-1.9.1.tgz",
          "integrity": "sha1-ufmrROVa+WgYMdXyjQrur1x1DLA="
        }
      }
    }
  }
}
